# This file is automatically @generated by Cargo.
# It is not intended for manual editing.
version = 4

[[package]]
name = "conformance-runner"
version = "0.1.0"

[[package]]
name = "keelc-ast"
version = "0.1.0"
dependencies = [
 "keelc-span",
]

[[package]]
name = "keelc-backend-go"
version = "0.1.0"
dependencies = [
 "keelc-ast",
 "keelc-parse",
 "keelc-span",
]

[[package]]
name = "keelc-diag"
version = "0.1.0"
dependencies = [
 "keelc-span",
]

[[package]]
name = "keelc-driver"
version = "0.1.0"
dependencies = [
 "keelc-ast",
 "keelc-backend-go",
 "keelc-diag",
 "keelc-parse",
 "keelc-resolve",
 "keelc-span",
]

[[package]]
name = "keelc-lex"
version = "0.1.0"
dependencies = [
 "keelc-diag",
 "keelc-span",
]

[[package]]
name = "keelc-parse"
version = "0.1.0"
dependencies = [
 "keelc-ast",
 "keelc-diag",
 "keelc-lex",
 "keelc-span",
]

[[package]]
name = "keelc-resolve"
version = "0.1.0"
dependencies = [
 "keelc-ast",
 "keelc-diag",
 "keelc-parse",
 "keelc-span",
]

[[package]]
name = "keelc-span"
version = "0.1.0"
